
Microsoft Visual Studio Solution File, Format Version 12.00
# Visual Studio Version 17
VisualStudioVersion = 17.0.32602.201
MinimumVisualStudioVersion = 10.0.40219.1
Project("{8BC9CEB8-8B4A-11D0-8D11-00A0C91BC942}") = "pcie_mips_driver", "pcie_mips_driver\pcie_mips_driver.vcxproj", "{0E524865-47CB-4B5F-9F20-AC471D7EEC90}"
EndProject
Project("{8BC9CEB8-8B4A-11D0-8D11-00A0C91BC942}") = "test", "test\test.vcxproj", "{142E42E9-48FA-4894-8690-5B2E2B269A9C}"
EndProject
Project("{8BC9CEB8-8B4A-11D0-8D11-00A0C91BC942}") = "mipsdebug", "mipsdebug\mipsdebug.vcxproj", "{71F6F881-471C-4B68-96D2-FAAC4D4798CE}"
EndProject
Global
	GlobalSection(SolutionConfigurationPlatforms) = preSolution
		Debug|ARM = Debug|ARM
		Debug|ARM64 = Debug|ARM64
		Debug|x64 = Debug|x64
		Debug|x86 = Debug|x86
		Release|ARM = Release|ARM
		Release|ARM64 = Release|ARM64
		Release|x64 = Release|x64
		Release|x86 = Release|x86
	EndGlobalSection
	GlobalSection(ProjectConfigurationPlatforms) = postSolution
		{0E524865-47CB-4B5F-9F20-AC471D7EEC90}.Debug|ARM.ActiveCfg = Debug|ARM
		{0E524865-47CB-4B5F-9F20-AC471D7EEC90}.Debug|ARM.Build.0 = Debug|ARM
		{0E524865-47CB-4B5F-9F20-AC471D7EEC90}.Debug|ARM.Deploy.0 = Debug|ARM
		{0E524865-47CB-4B5F-9F20-AC471D7EEC90}.Debug|ARM64.ActiveCfg = Debug|ARM64
		{0E524865-47CB-4B5F-9F20-AC471D7EEC90}.Debug|ARM64.Build.0 = Debug|ARM64
		{0E524865-47CB-4B5F-9F20-AC471D7EEC90}.Debug|ARM64.Deploy.0 = Debug|ARM64
		{0E524865-47CB-4B5F-9F20-AC471D7EEC90}.Debug|x64.ActiveCfg = Debug|x64
		{0E524865-47CB-4B5F-9F20-AC471D7EEC90}.Debug|x64.Build.0 = Debug|x64
		{0E524865-47CB-4B5F-9F20-AC471D7EEC90}.Debug|x64.Deploy.0 = Debug|x64
		{0E524865-47CB-4B5F-9F20-AC471D7EEC90}.Debug|x86.ActiveCfg = Debug|Win32
		{0E524865-47CB-4B5F-9F20-AC471D7EEC90}.Debug|x86.Build.0 = Debug|Win32
		{0E524865-47CB-4B5F-9F20-AC471D7EEC90}.Debug|x86.Deploy.0 = Debug|Win32
		{0E524865-47CB-4B5F-9F20-AC471D7EEC90}.Release|ARM.ActiveCfg = Release|ARM
		{0E524865-47CB-4B5F-9F20-AC471D7EEC90}.Release|ARM.Build.0 = Release|ARM
		{0E524865-47CB-4B5F-9F20-AC471D7EEC90}.Release|ARM.Deploy.0 = Release|ARM
		{0E524865-47CB-4B5F-9F20-AC471D7EEC90}.Release|ARM64.ActiveCfg = Release|ARM64
		{0E524865-47CB-4B5F-9F20-AC471D7EEC90}.Release|ARM64.Build.0 = Release|ARM64
		{0E524865-47CB-4B5F-9F20-AC471D7EEC90}.Release|ARM64.Deploy.0 = Release|ARM64
		{0E524865-47CB-4B5F-9F20-AC471D7EEC90}.Release|x64.ActiveCfg = Release|x64
		{0E524865-47CB-4B5F-9F20-AC471D7EEC90}.Release|x64.Build.0 = Release|x64
		{0E524865-47CB-4B5F-9F20-AC471D7EEC90}.Release|x64.Deploy.0 = Release|x64
		{0E524865-47CB-4B5F-9F20-AC471D7EEC90}.Release|x86.ActiveCfg = Release|Win32
		{0E524865-47CB-4B5F-9F20-AC471D7EEC90}.Release|x86.Build.0 = Release|Win32
		{0E524865-47CB-4B5F-9F20-AC471D7EEC90}.Release|x86.Deploy.0 = Release|Win32
		{142E42E9-48FA-4894-8690-5B2E2B269A9C}.Debug|ARM.ActiveCfg = Debug|Win32
		{142E42E9-48FA-4894-8690-5B2E2B269A9C}.Debug|ARM64.ActiveCfg = Debug|Win32
		{142E42E9-48FA-4894-8690-5B2E2B269A9C}.Debug|x64.ActiveCfg = Debug|x64
		{142E42E9-48FA-4894-8690-5B2E2B269A9C}.Debug|x64.Build.0 = Debug|x64
		{142E42E9-48FA-4894-8690-5B2E2B269A9C}.Debug|x86.ActiveCfg = Debug|Win32
		{142E42E9-48FA-4894-8690-5B2E2B269A9C}.Debug|x86.Build.0 = Debug|Win32
		{142E42E9-48FA-4894-8690-5B2E2B269A9C}.Release|ARM.ActiveCfg = Release|Win32
		{142E42E9-48FA-4894-8690-5B2E2B269A9C}.Release|ARM64.ActiveCfg = Release|Win32
		{142E42E9-48FA-4894-8690-5B2E2B269A9C}.Release|x64.ActiveCfg = Release|x64
		{142E42E9-48FA-4894-8690-5B2E2B269A9C}.Release|x64.Build.0 = Release|x64
		{142E42E9-48FA-4894-8690-5B2E2B269A9C}.Release|x86.ActiveCfg = Release|Win32
		{142E42E9-48FA-4894-8690-5B2E2B269A9C}.Release|x86.Build.0 = Release|Win32
		{71F6F881-471C-4B68-96D2-FAAC4D4798CE}.Debug|ARM.ActiveCfg = Debug|x64
		{71F6F881-471C-4B68-96D2-FAAC4D4798CE}.Debug|ARM.Build.0 = Debug|x64
		{71F6F881-471C-4B68-96D2-FAAC4D4798CE}.Debug|ARM64.ActiveCfg = Debug|x64
		{71F6F881-471C-4B68-96D2-FAAC4D4798CE}.Debug|ARM64.Build.0 = Debug|x64
		{71F6F881-471C-4B68-96D2-FAAC4D4798CE}.Debug|x64.ActiveCfg = Debug|x64
		{71F6F881-471C-4B68-96D2-FAAC4D4798CE}.Debug|x64.Build.0 = Debug|x64
		{71F6F881-471C-4B68-96D2-FAAC4D4798CE}.Debug|x86.ActiveCfg = Debug|Win32
		{71F6F881-471C-4B68-96D2-FAAC4D4798CE}.Debug|x86.Build.0 = Debug|Win32
		{71F6F881-471C-4B68-96D2-FAAC4D4798CE}.Release|ARM.ActiveCfg = Release|x64
		{71F6F881-471C-4B68-96D2-FAAC4D4798CE}.Release|ARM.Build.0 = Release|x64
		{71F6F881-471C-4B68-96D2-FAAC4D4798CE}.Release|ARM64.ActiveCfg = Release|x64
		{71F6F881-471C-4B68-96D2-FAAC4D4798CE}.Release|ARM64.Build.0 = Release|x64
		{71F6F881-471C-4B68-96D2-FAAC4D4798CE}.Release|x64.ActiveCfg = Release|x64
		{71F6F881-471C-4B68-96D2-FAAC4D4798CE}.Release|x64.Build.0 = Release|x64
		{71F6F881-471C-4B68-96D2-FAAC4D4798CE}.Release|x86.ActiveCfg = Release|Win32
		{71F6F881-471C-4B68-96D2-FAAC4D4798CE}.Release|x86.Build.0 = Release|Win32
	EndGlobalSection
	GlobalSection(SolutionProperties) = preSolution
		HideSolutionNode = FALSE
	EndGlobalSection
	GlobalSection(ExtensibilityGlobals) = postSolution
		SolutionGuid = {F27EEB95-DB06-4DB2-9A20-E860D672201A}
	EndGlobalSection
EndGlobal
